
Microsoft Visual Studio Solution File, Format Version 12.00
# Visual Studio Version 17
VisualStudioVersion = 17.0.31903.59
MinimumVisualStudioVersion = 10.0.40219.1
Project("{2150E333-8FDC-42A3-9474-1A3956D46DE8}") = "src", "src", "{A7B8C9D1-E2F3-4567-8901-234567890123}"
EndProject
Project("{2150E333-8FDC-42A3-9474-1A3956D46DE8}") = "shared", "shared", "{B2C3D4E5-F6A7-4890-1234-567890123456}"
EndProject
Project("{2150E333-8FDC-42A3-9474-1A3956D46DE8}") = "docker", "docker", "{C3D4E5F6-A7B8-9012-3456-789012345678}"
EndProject
Project("{9A19103F-16F7-4668-BE54-9A1E7A4F7556}") = "Game.ApiGateway", "src\Game.ApiGateway\Game.ApiGateway.csproj", "{1A2B3C4D-5E6F-7890-ABCD-EF1234567890}"
EndProject
Project("{9A19103F-16F7-4668-BE54-9A1E7A4F7556}") = "Game.AuthService", "src\Game.AuthService\Game.AuthService.csproj", "{2B3C4D5E-6F7A-8901-BCDE-F12345678901}"
EndProject
Project("{9A19103F-16F7-4668-BE54-9A1E7A4F7556}") = "Game.GameService", "src\Game.GameService\Game.GameService.csproj", "{3C4D5E6F-7A8B-9012-CDEF-123456789012}"
EndProject
Project("{9A19103F-16F7-4668-BE54-9A1E7A4F7556}") = "Game.RoomService", "src\Game.RoomService\Game.RoomService.csproj", "{4D5E6F7A-8B9C-0123-DE45-678901234567}"
EndProject
Project("{9A19103F-16F7-4668-BE54-9A1E7A4F7556}") = "Game.ChatService", "src\Game.ChatService\Game.ChatService.csproj", "{5E6F7A8B-9C0D-1234-EF56-789012345678}"
EndProject
Project("{9A19103F-16F7-4668-BE54-9A1E7A4F7556}") = "Game.Shared", "shared\Game.Shared\Game.Shared.csproj", "{6F7A8B9C-0D1E-2345-F678-901234567890}"
EndProject
Global
	GlobalSection(SolutionConfigurationPlatforms) = preSolution
		Debug|Any CPU = Debug|Any CPU
		Debug|x64 = Debug|x64
		Debug|x86 = Debug|x86
		Release|Any CPU = Release|Any CPU
		Release|x64 = Release|x64
		Release|x86 = Release|x86
	EndGlobalSection
	GlobalSection(ProjectConfigurationPlatforms) = postSolution
		{1A2B3C4D-5E6F-7890-ABCD-EF1234567890}.Debug|Any CPU.ActiveCfg = Debug|Any CPU
		{1A2B3C4D-5E6F-7890-ABCD-EF1234567890}.Debug|Any CPU.Build.0 = Debug|Any CPU
		{1A2B3C4D-5E6F-7890-ABCD-EF1234567890}.Debug|x64.ActiveCfg = Debug|Any CPU
		{1A2B3C4D-5E6F-7890-ABCD-EF1234567890}.Debug|x64.Build.0 = Debug|Any CPU
		{1A2B3C4D-5E6F-7890-ABCD-EF1234567890}.Debug|x86.ActiveCfg = Debug|Any CPU
		{1A2B3C4D-5E6F-7890-ABCD-EF1234567890}.Debug|x86.Build.0 = Debug|Any CPU
		{1A2B3C4D-5E6F-7890-ABCD-EF1234567890}.Release|Any CPU.ActiveCfg = Release|Any CPU
		{1A2B3C4D-5E6F-7890-ABCD-EF1234567890}.Release|Any CPU.Build.0 = Release|Any CPU
		{1A2B3C4D-5E6F-7890-ABCD-EF1234567890}.Release|x64.ActiveCfg = Release|Any CPU
		{1A2B3C4D-5E6F-7890-ABCD-EF1234567890}.Release|x64.Build.0 = Release|Any CPU
		{1A2B3C4D-5E6F-7890-ABCD-EF1234567890}.Release|x86.ActiveCfg = Release|Any CPU
		{1A2B3C4D-5E6F-7890-ABCD-EF1234567890}.Release|x86.Build.0 = Release|Any CPU
		{2B3C4D5E-6F7A-8901-BCDE-F12345678901}.Debug|Any CPU.ActiveCfg = Debug|Any CPU
		{2B3C4D5E-6F7A-8901-BCDE-F12345678901}.Debug|Any CPU.Build.0 = Debug|Any CPU
		{2B3C4D5E-6F7A-8901-BCDE-F12345678901}.Debug|x64.ActiveCfg = Debug|Any CPU
		{2B3C4D5E-6F7A-8901-BCDE-F12345678901}.Debug|x64.Build.0 = Debug|Any CPU
		{2B3C4D5E-6F7A-8901-BCDE-F12345678901}.Debug|x86.ActiveCfg = Debug|Any CPU
		{2B3C4D5E-6F7A-8901-BCDE-F12345678901}.Debug|x86.Build.0 = Debug|Any CPU
		{2B3C4D5E-6F7A-8901-BCDE-F12345678901}.Release|Any CPU.ActiveCfg = Release|Any CPU
		{2B3C4D5E-6F7A-8901-BCDE-F12345678901}.Release|Any CPU.Build.0 = Release|Any CPU
		{2B3C4D5E-6F7A-8901-BCDE-F12345678901}.Release|x64.ActiveCfg = Release|Any CPU
		{2B3C4D5E-6F7A-8901-BCDE-F12345678901}.Release|x64.Build.0 = Release|Any CPU
		{2B3C4D5E-6F7A-8901-BCDE-F12345678901}.Release|x86.ActiveCfg = Release|Any CPU
		{2B3C4D5E-6F7A-8901-BCDE-F12345678901}.Release|x86.Build.0 = Release|Any CPU
		{3C4D5E6F-7A8B-9012-CDEF-123456789012}.Debug|Any CPU.ActiveCfg = Debug|Any CPU
		{3C4D5E6F-7A8B-9012-CDEF-123456789012}.Debug|Any CPU.Build.0 = Debug|Any CPU
		{3C4D5E6F-7A8B-9012-CDEF-123456789012}.Debug|x64.ActiveCfg = Debug|Any CPU
		{3C4D5E6F-7A8B-9012-CDEF-123456789012}.Debug|x64.Build.0 = Debug|Any CPU
		{3C4D5E6F-7A8B-9012-CDEF-123456789012}.Debug|x86.ActiveCfg = Debug|Any CPU
		{3C4D5E6F-7A8B-9012-CDEF-123456789012}.Debug|x86.Build.0 = Debug|Any CPU
		{3C4D5E6F-7A8B-9012-CDEF-123456789012}.Release|Any CPU.ActiveCfg = Release|Any CPU
		{3C4D5E6F-7A8B-9012-CDEF-123456789012}.Release|Any CPU.Build.0 = Release|Any CPU
		{3C4D5E6F-7A8B-9012-CDEF-123456789012}.Release|x64.ActiveCfg = Release|Any CPU
		{3C4D5E6F-7A8B-9012-CDEF-123456789012}.Release|x64.Build.0 = Release|Any CPU
		{3C4D5E6F-7A8B-9012-CDEF-123456789012}.Release|x86.ActiveCfg = Release|Any CPU
		{3C4D5E6F-7A8B-9012-CDEF-123456789012}.Release|x86.Build.0 = Release|Any CPU
		{4D5E6F7A-8B9C-0123-DE45-678901234567}.Debug|Any CPU.ActiveCfg = Debug|Any CPU
		{4D5E6F7A-8B9C-0123-DE45-678901234567}.Debug|Any CPU.Build.0 = Debug|Any CPU
		{4D5E6F7A-8B9C-0123-DE45-678901234567}.Debug|x64.ActiveCfg = Debug|Any CPU
		{4D5E6F7A-8B9C-0123-DE45-678901234567}.Debug|x64.Build.0 = Debug|Any CPU
		{4D5E6F7A-8B9C-0123-DE45-678901234567}.Debug|x86.ActiveCfg = Debug|Any CPU
		{4D5E6F7A-8B9C-0123-DE45-678901234567}.Debug|x86.Build.0 = Debug|Any CPU
		{4D5E6F7A-8B9C-0123-DE45-678901234567}.Release|Any CPU.ActiveCfg = Release|Any CPU
		{4D5E6F7A-8B9C-0123-DE45-678901234567}.Release|Any CPU.Build.0 = Release|Any CPU
		{4D5E6F7A-8B9C-0123-DE45-678901234567}.Release|x64.ActiveCfg = Release|Any CPU
		{4D5E6F7A-8B9C-0123-DE45-678901234567}.Release|x64.Build.0 = Release|Any CPU
		{4D5E6F7A-8B9C-0123-DE45-678901234567}.Release|x86.ActiveCfg = Release|Any CPU
		{4D5E6F7A-8B9C-0123-DE45-678901234567}.Release|x86.Build.0 = Release|Any CPU
		{5E6F7A8B-9C0D-1234-EF56-789012345678}.Debug|Any CPU.ActiveCfg = Debug|Any CPU
		{5E6F7A8B-9C0D-1234-EF56-789012345678}.Debug|Any CPU.Build.0 = Debug|Any CPU
		{5E6F7A8B-9C0D-1234-EF56-789012345678}.Debug|x64.ActiveCfg = Debug|Any CPU
		{5E6F7A8B-9C0D-1234-EF56-789012345678}.Debug|x64.Build.0 = Debug|Any CPU
		{5E6F7A8B-9C0D-1234-EF56-789012345678}.Debug|x86.ActiveCfg = Debug|Any CPU
		{5E6F7A8B-9C0D-1234-EF56-789012345678}.Debug|x86.Build.0 = Debug|Any CPU
		{5E6F7A8B-9C0D-1234-EF56-789012345678}.Release|Any CPU.ActiveCfg = Release|Any CPU
		{5E6F7A8B-9C0D-1234-EF56-789012345678}.Release|Any CPU.Build.0 = Release|Any CPU
		{5E6F7A8B-9C0D-1234-EF56-789012345678}.Release|x64.ActiveCfg = Release|Any CPU
		{5E6F7A8B-9C0D-1234-EF56-789012345678}.Release|x64.Build.0 = Release|Any CPU
		{5E6F7A8B-9C0D-1234-EF56-789012345678}.Release|x86.ActiveCfg = Release|Any CPU
		{5E6F7A8B-9C0D-1234-EF56-789012345678}.Release|x86.Build.0 = Release|Any CPU
		{6F7A8B9C-0D1E-2345-F678-901234567890}.Debug|Any CPU.ActiveCfg = Debug|Any CPU
		{6F7A8B9C-0D1E-2345-F678-901234567890}.Debug|Any CPU.Build.0 = Debug|Any CPU
		{6F7A8B9C-0D1E-2345-F678-901234567890}.Debug|x64.ActiveCfg = Debug|Any CPU
		{6F7A8B9C-0D1E-2345-F678-901234567890}.Debug|x64.Build.0 = Debug|Any CPU
		{6F7A8B9C-0D1E-2345-F678-901234567890}.Debug|x86.ActiveCfg = Debug|Any CPU
		{6F7A8B9C-0D1E-2345-F678-901234567890}.Debug|x86.Build.0 = Debug|Any CPU
		{6F7A8B9C-0D1E-2345-F678-901234567890}.Release|Any CPU.ActiveCfg = Release|Any CPU
		{6F7A8B9C-0D1E-2345-F678-901234567890}.Release|Any CPU.Build.0 = Release|Any CPU
		{6F7A8B9C-0D1E-2345-F678-901234567890}.Release|x64.ActiveCfg = Release|Any CPU
		{6F7A8B9C-0D1E-2345-F678-901234567890}.Release|x64.Build.0 = Release|Any CPU
		{6F7A8B9C-0D1E-2345-F678-901234567890}.Release|x86.ActiveCfg = Release|Any CPU
		{6F7A8B9C-0D1E-2345-F678-901234567890}.Release|x86.Build.0 = Release|Any CPU
	EndGlobalSection
	GlobalSection(SolutionProperties) = preSolution
		HideSolutionNode = FALSE
	EndGlobalSection
	GlobalSection(NestedProjects) = preSolution
		{1A2B3C4D-5E6F-7890-ABCD-EF1234567890} = {A7B8C9D1-E2F3-4567-8901-234567890123}
		{2B3C4D5E-6F7A-8901-BCDE-F12345678901} = {A7B8C9D1-E2F3-4567-8901-234567890123}
		{3C4D5E6F-7A8B-9012-CDEF-123456789012} = {A7B8C9D1-E2F3-4567-8901-234567890123}
		{4D5E6F7A-8B9C-0123-DE45-678901234567} = {A7B8C9D1-E2F3-4567-8901-234567890123}
		{5E6F7A8B-9C0D-1234-EF56-789012345678} = {A7B8C9D1-E2F3-4567-8901-234567890123}
		{6F7A8B9C-0D1E-2345-F678-901234567890} = {B2C3D4E5-F6A7-4890-1234-567890123456}
	EndGlobalSection
EndGlobal
